# This file is autogenerated, do not edit; changes may be undone by the next 'dep ensure'.


[[projects]]
  name = "github.com/PuerkitoBio/goquery"
  packages = ["."]
  revision = "a86ea073017a6beddef78c8659e7224e8ca634b0"
  version = "v1.4.0"

[[projects]]
  name = "github.com/andybalholm/cascadia"
  packages = ["."]
  revision = "901648c87902174f774fac311d7f176f8647bdaa"
  version = "v1.0.0"

[[projects]]
  branch = "master"
  name = "github.com/google/go-querystring"
  packages = ["query"]
  revision = "53e6ce116135b80d037921a7fdd5138cf32d7a8a"

[[projects]]
  name = "github.com/neighborhood999/fiveN1-rent-scraper"
  packages = ["."]
  revision = "92f2ddcc9486e794b59e35afe71d44d4936c8cdf"
  version = "1.1.1"

[[projects]]
  name = "github.com/vinta/pangu"
  packages = ["."]
  revision = "f1cdb73eaf33f9057f38302f610a021bbca5b46a"
  version = "v3.0.0"

[[projects]]
  branch = "master"
  name = "golang.org/x/net"
  packages = [
    "html",
    "html/atom"
  ]
  revision = "8e0cdda24ed423affc8f35c241e5e9b16180338e"

[solve-meta]
  analyzer-name = "dep"
  analyzer-version = 1
  inputs-digest = "cbd4730a3294f27e93322957fdc4b630fbb8947b476cedb4597ccb9b5b941451"
  solver-name = "gps-cdcl"
  solver-version = 1
